# THIS IS AN AUTOGENERATED FILE. DO NOT EDIT THIS FILE DIRECTLY.
# yarn lockfile v1


"@types/aws-lambda@^8.10.92":
  version "8.10.157"
  resolved "https://registry.yarnpkg.com/@types/aws-lambda/-/aws-lambda-8.10.157.tgz#0ef9fbe5790f5593f938b7ef5170b0a0ff7b2738"
  integrity sha512-ofjcRCO1N7tMZDSO11u5bFHPDfUFD3Q9YK9g4S4w8UDKuG3CNlw2lNK1sd3Itdo7JORygZmG4h9ZykS8dlXvMA==
