# THIS IS AN AUTOGENERATED FILE. DO NOT EDIT THIS FILE DIRECTLY.
# yarn lockfile v1


"@types/aws-lambda@^8.10.92":
  version "8.10.158"
  resolved "https://registry.yarnpkg.com/@types/aws-lambda/-/aws-lambda-8.10.158.tgz#28da8e90b300bde3b6f4b91a52331fadf4b53705"
  integrity sha512-v/n2WsL1ksRKigfqZ9ff7ANobfT3t/T8kI8UOiur98tREwFulv9lRv+pDrocGPWOe3DpD2Y2GKRO+OiyxwgaCQ==
